
Microsoft Visual Studio Solution File, Format Version 12.00
# Visual Studio Version 17
VisualStudioVersion = 17.2.32519.379
MinimumVisualStudioVersion = 10.0.40219.1
Project("{FAE04EC0-301F-11D3-BF4B-00C04F79EFBC}") = "unitTestAssignment.cs", "unitTestAssignment.cs\unitTestAssignment.cs.csproj", "{4026DFA4-31F8-45B5-AC3E-D51841FBD3F2}"
EndProject
Project("{FAE04EC0-301F-11D3-BF4B-00C04F79EFBC}") = "AssignmentTestProject", "AssignmentTestProject\AssignmentTestProject.csproj", "{36D9DFC2-3D33-4CE1-8354-532998F15B7B}"
EndProject
Global
	GlobalSection(SolutionConfigurationPlatforms) = preSolution
		Debug|Any CPU = Debug|Any CPU
		Release|Any CPU = Release|Any CPU
	EndGlobalSection
	GlobalSection(ProjectConfigurationPlatforms) = postSolution
		{4026DFA4-31F8-45B5-AC3E-D51841FBD3F2}.Debug|Any CPU.ActiveCfg = Debug|Any CPU
		{4026DFA4-31F8-45B5-AC3E-D51841FBD3F2}.Debug|Any CPU.Build.0 = Debug|Any CPU
		{4026DFA4-31F8-45B5-AC3E-D51841FBD3F2}.Release|Any CPU.ActiveCfg = Release|Any CPU
		{4026DFA4-31F8-45B5-AC3E-D51841FBD3F2}.Release|Any CPU.Build.0 = Release|Any CPU
		{36D9DFC2-3D33-4CE1-8354-532998F15B7B}.Debug|Any CPU.ActiveCfg = Debug|Any CPU
		{36D9DFC2-3D33-4CE1-8354-532998F15B7B}.Debug|Any CPU.Build.0 = Debug|Any CPU
		{36D9DFC2-3D33-4CE1-8354-532998F15B7B}.Release|Any CPU.ActiveCfg = Release|Any CPU
		{36D9DFC2-3D33-4CE1-8354-532998F15B7B}.Release|Any CPU.Build.0 = Release|Any CPU
	EndGlobalSection
	GlobalSection(SolutionProperties) = preSolution
		HideSolutionNode = FALSE
	EndGlobalSection
	GlobalSection(ExtensibilityGlobals) = postSolution
		SolutionGuid = {208CBC23-BB93-4824-AF18-D2A39E59CAEE}
	EndGlobalSection
EndGlobal
